
Microsoft Visual Studio Solution File, Format Version 12.00
# Visual Studio Version 17
VisualStudioVersion = 17.2.32616.157
MinimumVisualStudioVersion = 10.0.40219.1
Project("{FAE04EC0-301F-11D3-BF4B-00C04F79EFBC}") = "RedisBaslayalim", "RedisBaslayalim\RedisBaslayalim.csproj", "{CC846068-81ED-4684-BFF9-EC7C2CFA142A}"
EndProject
Global
	GlobalSection(SolutionConfigurationPlatforms) = preSolution
		Debug|Any CPU = Debug|Any CPU
		Release|Any CPU = Release|Any CPU
	EndGlobalSection
	GlobalSection(ProjectConfigurationPlatforms) = postSolution
		{CC846068-81ED-4684-BFF9-EC7C2CFA142A}.Debug|Any CPU.ActiveCfg = Debug|Any CPU
		{CC846068-81ED-4684-BFF9-EC7C2CFA142A}.Debug|Any CPU.Build.0 = Debug|Any CPU
		{CC846068-81ED-4684-BFF9-EC7C2CFA142A}.Release|Any CPU.ActiveCfg = Release|Any CPU
		{CC846068-81ED-4684-BFF9-EC7C2CFA142A}.Release|Any CPU.Build.0 = Release|Any CPU
	EndGlobalSection
	GlobalSection(SolutionProperties) = preSolution
		HideSolutionNode = FALSE
	EndGlobalSection
	GlobalSection(ExtensibilityGlobals) = postSolution
		SolutionGuid = {0BAC1906-7997-42EC-B392-AD2B95D56B00}
	EndGlobalSection
EndGlobal
